{
  "name": "@brownplt/s-expression",
  "version": "3.0.0",
  "lockfileVersion": 3,
  "requires": true,
  "packages": {
    "": {
      "name": "@brownplt/s-expression",
      "version": "3.0.0",
      "license": "MIT",
      "dependencies": {
        "rescript": "^11.1.3"
      }
    },
    "node_modules/rescript": {
      "version": "11.1.3",
      "resolved": "https://registry.npmjs.org/rescript/-/rescript-11.1.3.tgz",
      "integrity": "sha512-bI+yxDcwsv7qE34zLuXeO8Qkc2+1ng5ErlSjnUIZdrAWKoGzHXpJ6ZxiiRBUoYnoMsgRwhqvrugIFyNgWasmsw==",
      "hasInstallScript": true,
      "bin": {
        "bsc": "bsc",
        "bstracing": "lib/bstracing",
        "rescript": "rescript"
      },
      "engines": {
        "node": ">=10"
      }
    }
  }
}
